
Microsoft Visual Studio Solution File, Format Version 12.00
# Visual Studio Version 16
VisualStudioVersion = 16.0.31313.79
MinimumVisualStudioVersion = 10.0.40219.1
Project("{FAE04EC0-301F-11D3-BF4B-00C04F79EFBC}") = "WcfCurrentTimeService", "WcfCurrentTimeService\WcfCurrentTimeService.csproj", "{A9EEC1B3-174A-4A7A-8E0D-60FC918E5134}"
EndProject
Project("{FAE04EC0-301F-11D3-BF4B-00C04F79EFBC}") = "ASPClient", "ASPClient\ASPClient.csproj", "{1E2C2183-B967-4F5C-831A-58EC654595E4}"
	ProjectSection(ProjectDependencies) = postProject
		{A9EEC1B3-174A-4A7A-8E0D-60FC918E5134} = {A9EEC1B3-174A-4A7A-8E0D-60FC918E5134}
	EndProjectSection
EndProject
Global
	GlobalSection(SolutionConfigurationPlatforms) = preSolution
		Debug|Any CPU = Debug|Any CPU
		Release|Any CPU = Release|Any CPU
	EndGlobalSection
	GlobalSection(ProjectConfigurationPlatforms) = postSolution
		{A9EEC1B3-174A-4A7A-8E0D-60FC918E5134}.Debug|Any CPU.ActiveCfg = Debug|Any CPU
		{A9EEC1B3-174A-4A7A-8E0D-60FC918E5134}.Debug|Any CPU.Build.0 = Debug|Any CPU
		{A9EEC1B3-174A-4A7A-8E0D-60FC918E5134}.Release|Any CPU.ActiveCfg = Release|Any CPU
		{A9EEC1B3-174A-4A7A-8E0D-60FC918E5134}.Release|Any CPU.Build.0 = Release|Any CPU
		{1E2C2183-B967-4F5C-831A-58EC654595E4}.Debug|Any CPU.ActiveCfg = Debug|Any CPU
		{1E2C2183-B967-4F5C-831A-58EC654595E4}.Debug|Any CPU.Build.0 = Debug|Any CPU
		{1E2C2183-B967-4F5C-831A-58EC654595E4}.Release|Any CPU.ActiveCfg = Release|Any CPU
		{1E2C2183-B967-4F5C-831A-58EC654595E4}.Release|Any CPU.Build.0 = Release|Any CPU
	EndGlobalSection
	GlobalSection(SolutionProperties) = preSolution
		HideSolutionNode = FALSE
	EndGlobalSection
	GlobalSection(ExtensibilityGlobals) = postSolution
		SolutionGuid = {836A73D0-F647-409D-AAE1-9BB24530510C}
	EndGlobalSection
EndGlobal
